
Microsoft Visual Studio Solution File, Format Version 12.00
# Visual Studio Version 16
VisualStudioVersion = 16.0.34031.81
MinimumVisualStudioVersion = 10.0.40219.1
Project("{888888A0-9F3D-457C-B088-3A5042F75D52}") = "practica 4 de python", "practica 4 de python\practica 4 de python.pyproj", "{B053A167-A365-480F-891D-DFB490019E6D}"
EndProject
Global
	GlobalSection(SolutionConfigurationPlatforms) = preSolution
		Debug|Any CPU = Debug|Any CPU
		Release|Any CPU = Release|Any CPU
	EndGlobalSection
	GlobalSection(ProjectConfigurationPlatforms) = postSolution
		{B053A167-A365-480F-891D-DFB490019E6D}.Debug|Any CPU.ActiveCfg = Debug|Any CPU
		{B053A167-A365-480F-891D-DFB490019E6D}.Release|Any CPU.ActiveCfg = Release|Any CPU
	EndGlobalSection
	GlobalSection(SolutionProperties) = preSolution
		HideSolutionNode = FALSE
	EndGlobalSection
	GlobalSection(ExtensibilityGlobals) = postSolution
		SolutionGuid = {44EC15D4-6A71-4027-951B-A5E529F7C45D}
	EndGlobalSection
EndGlobal
